Microsoft Visual Studio Solution File, Format Version 12.00
# Visual Studio 15
VisualStudioVersion = 15.0.26206.0
MinimumVisualStudioVersion = 10.0.40219.1
Project("{9A19103F-16F7-4668-BE54-9A1E7A4F7556}") = "DotNetLive.Framework.WebApiClient.Tests", "DotNetLive.Framework.WebApiClient.Tests\DotNetLive.Framework.WebApiClient.Tests.csproj", "{DA3B7519-EC1B-4112-950E-03379D212B03}"
EndProject
Project("{9A19103F-16F7-4668-BE54-9A1E7A4F7556}") = "DotNetLive.Framework", "DotNetLive.Framework\DotNetLive.Framework.csproj", "{334017C4-84D4-4CB8-A7FD-DE84373AB6D0}"
EndProject
Project("{9A19103F-16F7-4668-BE54-9A1E7A4F7556}") = "DotNetLive.Framework.WebApiClient", "DotNetLive.Framework.WebApiClient\DotNetLive.Framework.WebApiClient.csproj", "{82595BD3-51DD-4DC0-9801-D623FBCFD538}"
EndProject
Project("{FAE04EC0-301F-11D3-BF4B-00C04F79EFBC}") = "DotNetLive.Framework.Diagnostics.Trace", "DotNetLive.Framework.Diagnostics.Trace\DotNetLive.Framework.Diagnostics.Trace.csproj", "{7C3AF620-E7EC-4319-BF13-D4C0157E3683}"
EndProject
Project("{FAE04EC0-301F-11D3-BF4B-00C04F79EFBC}") = "DotNetLive.Framework.Web", "DotNetLive.Framework.Web\DotNetLive.Framework.Web.csproj", "{D62D5898-E026-48A9-80A5-CA182136B479}"
EndProject
Project("{FAE04EC0-301F-11D3-BF4B-00C04F79EFBC}") = "DotNetLive.Framework.Mvc", "DotNetLive.Framework.Mvc\DotNetLive.Framework.Mvc.csproj", "{D6B9B5F3-22ED-45B7-9016-67D4EA698DA4}"
EndProject
Project("{FAE04EC0-301F-11D3-BF4B-00C04F79EFBC}") = "DotNetLive.Framework.WebApi", "DotNetLive.Framework.WebApi\DotNetLive.Framework.WebApi.csproj", "{CF30CAC9-21B8-4222-93AB-765C46E27632}"
EndProject
Project("{FAE04EC0-301F-11D3-BF4B-00C04F79EFBC}") = "DotNetLive.Framework.Data", "DotNetLive.Framework.Data\DotNetLive.Framework.Data.csproj", "{D60E9CBB-61DC-4801-89A2-BC576C32C089}"
EndProject
Global
	GlobalSection(SolutionConfigurationPlatforms) = preSolution
		Debug|Any CPU = Debug|Any CPU
		Debug|x64 = Debug|x64
		Debug|x86 = Debug|x86
		Release|Any CPU = Release|Any CPU
		Release|x64 = Release|x64
		Release|x86 = Release|x86
	EndGlobalSection
	GlobalSection(ProjectConfigurationPlatforms) = postSolution
		{DA3B7519-EC1B-4112-950E-03379D212B03}.Debug|Any CPU.ActiveCfg = Debug|Any CPU
		{DA3B7519-EC1B-4112-950E-03379D212B03}.Debug|Any CPU.Build.0 = Debug|Any CPU
		{DA3B7519-EC1B-4112-950E-03379D212B03}.Debug|x64.ActiveCfg = Debug|x64
		{DA3B7519-EC1B-4112-950E-03379D212B03}.Debug|x64.Build.0 = Debug|x64
		{DA3B7519-EC1B-4112-950E-03379D212B03}.Debug|x86.ActiveCfg = Debug|x86
		{DA3B7519-EC1B-4112-950E-03379D212B03}.Debug|x86.Build.0 = Debug|x86
		{DA3B7519-EC1B-4112-950E-03379D212B03}.Release|Any CPU.ActiveCfg = Release|Any CPU
		{DA3B7519-EC1B-4112-950E-03379D212B03}.Release|Any CPU.Build.0 = Release|Any CPU
		{DA3B7519-EC1B-4112-950E-03379D212B03}.Release|x64.ActiveCfg = Release|x64
		{DA3B7519-EC1B-4112-950E-03379D212B03}.Release|x64.Build.0 = Release|x64
		{DA3B7519-EC1B-4112-950E-03379D212B03}.Release|x86.ActiveCfg = Release|x86
		{DA3B7519-EC1B-4112-950E-03379D212B03}.Release|x86.Build.0 = Release|x86
		{334017C4-84D4-4CB8-A7FD-DE84373AB6D0}.Debug|Any CPU.ActiveCfg = Debug|Any CPU
		{334017C4-84D4-4CB8-A7FD-DE84373AB6D0}.Debug|Any CPU.Build.0 = Debug|Any CPU
		{334017C4-84D4-4CB8-A7FD-DE84373AB6D0}.Debug|x64.ActiveCfg = Debug|x64
		{334017C4-84D4-4CB8-A7FD-DE84373AB6D0}.Debug|x64.Build.0 = Debug|x64
		{334017C4-84D4-4CB8-A7FD-DE84373AB6D0}.Debug|x86.ActiveCfg = Debug|x86
		{334017C4-84D4-4CB8-A7FD-DE84373AB6D0}.Debug|x86.Build.0 = Debug|x86
		{334017C4-84D4-4CB8-A7FD-DE84373AB6D0}.Release|Any CPU.ActiveCfg = Release|Any CPU
		{334017C4-84D4-4CB8-A7FD-DE84373AB6D0}.Release|Any CPU.Build.0 = Release|Any CPU
		{334017C4-84D4-4CB8-A7FD-DE84373AB6D0}.Release|x64.ActiveCfg = Release|x64
		{334017C4-84D4-4CB8-A7FD-DE84373AB6D0}.Release|x64.Build.0 = Release|x64
		{334017C4-84D4-4CB8-A7FD-DE84373AB6D0}.Release|x86.ActiveCfg = Release|x86
		{334017C4-84D4-4CB8-A7FD-DE84373AB6D0}.Release|x86.Build.0 = Release|x86
		{82595BD3-51DD-4DC0-9801-D623FBCFD538}.Debug|Any CPU.ActiveCfg = Debug|Any CPU
		{82595BD3-51DD-4DC0-9801-D623FBCFD538}.Debug|Any CPU.Build.0 = Debug|Any CPU
		{82595BD3-51DD-4DC0-9801-D623FBCFD538}.Debug|x64.ActiveCfg = Debug|x64
		{82595BD3-51DD-4DC0-9801-D623FBCFD538}.Debug|x64.Build.0 = Debug|x64
		{82595BD3-51DD-4DC0-9801-D623FBCFD538}.Debug|x86.ActiveCfg = Debug|x86
		{82595BD3-51DD-4DC0-9801-D623FBCFD538}.Debug|x86.Build.0 = Debug|x86
		{82595BD3-51DD-4DC0-9801-D623FBCFD538}.Release|Any CPU.ActiveCfg = Release|Any CPU
		{82595BD3-51DD-4DC0-9801-D623FBCFD538}.Release|Any CPU.Build.0 = Release|Any CPU
		{82595BD3-51DD-4DC0-9801-D623FBCFD538}.Release|x64.ActiveCfg = Release|x64
		{82595BD3-51DD-4DC0-9801-D623FBCFD538}.Release|x64.Build.0 = Release|x64
		{82595BD3-51DD-4DC0-9801-D623FBCFD538}.Release|x86.ActiveCfg = Release|x86
		{82595BD3-51DD-4DC0-9801-D623FBCFD538}.Release|x86.Build.0 = Release|x86
		{7C3AF620-E7EC-4319-BF13-D4C0157E3683}.Debug|Any CPU.ActiveCfg = Debug|Any CPU
		{7C3AF620-E7EC-4319-BF13-D4C0157E3683}.Debug|Any CPU.Build.0 = Debug|Any CPU
		{7C3AF620-E7EC-4319-BF13-D4C0157E3683}.Debug|x64.ActiveCfg = Debug|x64
		{7C3AF620-E7EC-4319-BF13-D4C0157E3683}.Debug|x64.Build.0 = Debug|x64
		{7C3AF620-E7EC-4319-BF13-D4C0157E3683}.Debug|x86.ActiveCfg = Debug|x86
		{7C3AF620-E7EC-4319-BF13-D4C0157E3683}.Debug|x86.Build.0 = Debug|x86
		{7C3AF620-E7EC-4319-BF13-D4C0157E3683}.Release|Any CPU.ActiveCfg = Release|Any CPU
		{7C3AF620-E7EC-4319-BF13-D4C0157E3683}.Release|Any CPU.Build.0 = Release|Any CPU
		{7C3AF620-E7EC-4319-BF13-D4C0157E3683}.Release|x64.ActiveCfg = Release|x64
		{7C3AF620-E7EC-4319-BF13-D4C0157E3683}.Release|x64.Build.0 = Release|x64
		{7C3AF620-E7EC-4319-BF13-D4C0157E3683}.Release|x86.ActiveCfg = Release|x86
		{7C3AF620-E7EC-4319-BF13-D4C0157E3683}.Release|x86.Build.0 = Release|x86
		{D62D5898-E026-48A9-80A5-CA182136B479}.Debug|Any CPU.ActiveCfg = Debug|Any CPU
		{D62D5898-E026-48A9-80A5-CA182136B479}.Debug|Any CPU.Build.0 = Debug|Any CPU
		{D62D5898-E026-48A9-80A5-CA182136B479}.Debug|x64.ActiveCfg = Debug|x64
		{D62D5898-E026-48A9-80A5-CA182136B479}.Debug|x64.Build.0 = Debug|x64
		{D62D5898-E026-48A9-80A5-CA182136B479}.Debug|x86.ActiveCfg = Debug|x86
		{D62D5898-E026-48A9-80A5-CA182136B479}.Debug|x86.Build.0 = Debug|x86
		{D62D5898-E026-48A9-80A5-CA182136B479}.Release|Any CPU.ActiveCfg = Release|Any CPU
		{D62D5898-E026-48A9-80A5-CA182136B479}.Release|Any CPU.Build.0 = Release|Any CPU
		{D62D5898-E026-48A9-80A5-CA182136B479}.Release|x64.ActiveCfg = Release|x64
		{D62D5898-E026-48A9-80A5-CA182136B479}.Release|x64.Build.0 = Release|x64
		{D62D5898-E026-48A9-80A5-CA182136B479}.Release|x86.ActiveCfg = Release|x86
		{D62D5898-E026-48A9-80A5-CA182136B479}.Release|x86.Build.0 = Release|x86
		{D6B9B5F3-22ED-45B7-9016-67D4EA698DA4}.Debug|Any CPU.ActiveCfg = Debug|Any CPU
		{D6B9B5F3-22ED-45B7-9016-67D4EA698DA4}.Debug|Any CPU.Build.0 = Debug|Any CPU
		{D6B9B5F3-22ED-45B7-9016-67D4EA698DA4}.Debug|x64.ActiveCfg = Debug|x64
		{D6B9B5F3-22ED-45B7-9016-67D4EA698DA4}.Debug|x64.Build.0 = Debug|x64
		{D6B9B5F3-22ED-45B7-9016-67D4EA698DA4}.Debug|x86.ActiveCfg = Debug|x86
		{D6B9B5F3-22ED-45B7-9016-67D4EA698DA4}.Debug|x86.Build.0 = Debug|x86
		{D6B9B5F3-22ED-45B7-9016-67D4EA698DA4}.Release|Any CPU.ActiveCfg = Release|Any CPU
		{D6B9B5F3-22ED-45B7-9016-67D4EA698DA4}.Release|Any CPU.Build.0 = Release|Any CPU
		{D6B9B5F3-22ED-45B7-9016-67D4EA698DA4}.Release|x64.ActiveCfg = Release|x64
		{D6B9B5F3-22ED-45B7-9016-67D4EA698DA4}.Release|x64.Build.0 = Release|x64
		{D6B9B5F3-22ED-45B7-9016-67D4EA698DA4}.Release|x86.ActiveCfg = Release|x86
		{D6B9B5F3-22ED-45B7-9016-67D4EA698DA4}.Release|x86.Build.0 = Release|x86
		{CF30CAC9-21B8-4222-93AB-765C46E27632}.Debug|Any CPU.ActiveCfg = Debug|Any CPU
		{CF30CAC9-21B8-4222-93AB-765C46E27632}.Debug|Any CPU.Build.0 = Debug|Any CPU
		{CF30CAC9-21B8-4222-93AB-765C46E27632}.Debug|x64.ActiveCfg = Debug|x64
		{CF30CAC9-21B8-4222-93AB-765C46E27632}.Debug|x64.Build.0 = Debug|x64
		{CF30CAC9-21B8-4222-93AB-765C46E27632}.Debug|x86.ActiveCfg = Debug|x86
		{CF30CAC9-21B8-4222-93AB-765C46E27632}.Debug|x86.Build.0 = Debug|x86
		{CF30CAC9-21B8-4222-93AB-765C46E27632}.Release|Any CPU.ActiveCfg = Release|Any CPU
		{CF30CAC9-21B8-4222-93AB-765C46E27632}.Release|Any CPU.Build.0 = Release|Any CPU
		{CF30CAC9-21B8-4222-93AB-765C46E27632}.Release|x64.ActiveCfg = Release|x64
		{CF30CAC9-21B8-4222-93AB-765C46E27632}.Release|x64.Build.0 = Release|x64
		{CF30CAC9-21B8-4222-93AB-765C46E27632}.Release|x86.ActiveCfg = Release|x86
		{CF30CAC9-21B8-4222-93AB-765C46E27632}.Release|x86.Build.0 = Release|x86
		{D60E9CBB-61DC-4801-89A2-BC576C32C089}.Debug|Any CPU.ActiveCfg = Debug|Any CPU
		{D60E9CBB-61DC-4801-89A2-BC576C32C089}.Debug|Any CPU.Build.0 = Debug|Any CPU
		{D60E9CBB-61DC-4801-89A2-BC576C32C089}.Debug|x64.ActiveCfg = Debug|x64
		{D60E9CBB-61DC-4801-89A2-BC576C32C089}.Debug|x64.Build.0 = Debug|x64
		{D60E9CBB-61DC-4801-89A2-BC576C32C089}.Debug|x86.ActiveCfg = Debug|x86
		{D60E9CBB-61DC-4801-89A2-BC576C32C089}.Debug|x86.Build.0 = Debug|x86
		{D60E9CBB-61DC-4801-89A2-BC576C32C089}.Release|Any CPU.ActiveCfg = Release|Any CPU
		{D60E9CBB-61DC-4801-89A2-BC576C32C089}.Release|Any CPU.Build.0 = Release|Any CPU
		{D60E9CBB-61DC-4801-89A2-BC576C32C089}.Release|x64.ActiveCfg = Release|x64
		{D60E9CBB-61DC-4801-89A2-BC576C32C089}.Release|x64.Build.0 = Release|x64
		{D60E9CBB-61DC-4801-89A2-BC576C32C089}.Release|x86.ActiveCfg = Release|x86
		{D60E9CBB-61DC-4801-89A2-BC576C32C089}.Release|x86.Build.0 = Release|x86
	EndGlobalSection
	GlobalSection(SolutionProperties) = preSolution
		HideSolutionNode = FALSE
	EndGlobalSection
EndGlobal
